{
  "name": "asp.net",
  "version": "1.0.0",
  "lockfileVersion": 1,
  "requires": true,
  "dependencies": {
    "@nobleclem/jquery-multiselect": {
      "version": "2.4.16",
      "resolved": "https://registry.npmjs.org/@nobleclem/jquery-multiselect/-/jquery-multiselect-2.4.16.tgz",
      "integrity": "sha512-Mgw+Du8yoPSMr0PKr72Csb2gFhjMSSUvKjOpT0evYWCEkbSiig9KBX1/A+uy7cIlOyelcltHs5mYwpBiSu+p1A=="
    },
    "font-awesome": {
      "version": "4.7.0",
      "resolved": "https://registry.npmjs.org/font-awesome/-/font-awesome-4.7.0.tgz",
      "integrity": "sha1-j6jPBBGhoxr9B7BtKQK7n8gVoTM="
    },
    "material-dashboard": {
      "version": "2.1.0",
      "resolved": "https://registry.npmjs.org/material-dashboard/-/material-dashboard-2.1.0.tgz",
      "integrity": "sha512-de6if9WnelNvQdtLRcyTao3vx1ESjOVsX6tiwAmSjJvfBHcHgKO9wP54jYLfYIn3ILbluqXh1GXPqubNLgH/Kg=="
    },
    "sweetalert2": {
      "version": "8.10.6",
      "resolved": "https://registry.npmjs.org/sweetalert2/-/sweetalert2-8.10.6.tgz",
      "integrity": "sha512-Z1BOpG/Y1/0lJuMNILXaGVp3N21HH+vm281NRsJdpXpizbVfHeA9TlRv+TzFDxOaPpbGk1act3lPlqXW7Jd8og=="
    }
  }
}
